
Microsoft Visual Studio Solution File, Format Version 12.00
# Visual Studio 2015
Project("{FAE04EC0-301F-11D3-BF4B-00C04F79EFBC}") = "LitSimha.CSharp", "LitSimha.CSharp.csproj", "{3F4D1855-D24B-274A-5638-AB996F81BBCC}"
EndProject
Global
	GlobalSection(SolutionConfigurationPlatforms) = preSolution
		Debug|Any CPU = Debug|Any CPU
		Release|Any CPU = Release|Any CPU
	EndGlobalSection
	GlobalSection(ProjectConfigurationPlatforms) = postSolution
		{3F4D1855-D24B-274A-5638-AB996F81BBCC}.Debug|Any CPU.ActiveCfg = Debug|Any CPU
		{3F4D1855-D24B-274A-5638-AB996F81BBCC}.Debug|Any CPU.Build.0 = Debug|Any CPU
		{3F4D1855-D24B-274A-5638-AB996F81BBCC}.Release|Any CPU.ActiveCfg = Release|Any CPU
		{3F4D1855-D24B-274A-5638-AB996F81BBCC}.Release|Any CPU.Build.0 = Release|Any CPU
	EndGlobalSection
	GlobalSection(SolutionProperties) = preSolution
		HideSolutionNode = FALSE
	EndGlobalSection
EndGlobal
